
Microsoft Visual Studio Solution File, Format Version 12.00
# Visual Studio Version 16
VisualStudioVersion = 16.0.30002.166
MinimumVisualStudioVersion = 10.0.40219.1
Project("{8BC9CEB8-8B4A-11D0-8D11-00A0C91BC942}") = "Word", "Word\Word.vcxproj", "{2216F434-F26B-4E26-8AED-112A614ECFE3}"
EndProject
Global
	GlobalSection(SolutionConfigurationPlatforms) = preSolution
		Debug|x64 = Debug|x64
		Debug|x86 = Debug|x86
		Release|x64 = Release|x64
		Release|x86 = Release|x86
	EndGlobalSection
	GlobalSection(ProjectConfigurationPlatforms) = postSolution
		{2216F434-F26B-4E26-8AED-112A614ECFE3}.Debug|x64.ActiveCfg = Debug|x64
		{2216F434-F26B-4E26-8AED-112A614ECFE3}.Debug|x64.Build.0 = Debug|x64
		{2216F434-F26B-4E26-8AED-112A614ECFE3}.Debug|x86.ActiveCfg = Debug|Win32
		{2216F434-F26B-4E26-8AED-112A614ECFE3}.Debug|x86.Build.0 = Debug|Win32
		{2216F434-F26B-4E26-8AED-112A614ECFE3}.Release|x64.ActiveCfg = Release|x64
		{2216F434-F26B-4E26-8AED-112A614ECFE3}.Release|x64.Build.0 = Release|x64
		{2216F434-F26B-4E26-8AED-112A614ECFE3}.Release|x86.ActiveCfg = Release|Win32
		{2216F434-F26B-4E26-8AED-112A614ECFE3}.Release|x86.Build.0 = Release|Win32
	EndGlobalSection
	GlobalSection(SolutionProperties) = preSolution
		HideSolutionNode = FALSE
	EndGlobalSection
	GlobalSection(ExtensibilityGlobals) = postSolution
		SolutionGuid = {CF928B90-73A5-4DDC-A0D6-3B16AA076247}
	EndGlobalSection
EndGlobal
