
Microsoft Visual Studio Solution File, Format Version 12.00
# Visual Studio Version 16
VisualStudioVersion = 16.0.29920.165
MinimumVisualStudioVersion = 10.0.40219.1
Project("{8BC9CEB8-8B4A-11D0-8D11-00A0C91BC942}") = "HelloWorldGame", "HelloWorldGame\HelloWorldGame.vcxproj", "{BD633A9A-0A88-46EA-9266-9B00E3672CBC}"
EndProject
Global
	GlobalSection(SolutionConfigurationPlatforms) = preSolution
		Debug|x64 = Debug|x64
		Debug|x86 = Debug|x86
		Release|x64 = Release|x64
		Release|x86 = Release|x86
	EndGlobalSection
	GlobalSection(ProjectConfigurationPlatforms) = postSolution
		{BD633A9A-0A88-46EA-9266-9B00E3672CBC}.Debug|x64.ActiveCfg = Debug|x64
		{BD633A9A-0A88-46EA-9266-9B00E3672CBC}.Debug|x64.Build.0 = Debug|x64
		{BD633A9A-0A88-46EA-9266-9B00E3672CBC}.Debug|x86.ActiveCfg = Debug|Win32
		{BD633A9A-0A88-46EA-9266-9B00E3672CBC}.Debug|x86.Build.0 = Debug|Win32
		{BD633A9A-0A88-46EA-9266-9B00E3672CBC}.Release|x64.ActiveCfg = Release|x64
		{BD633A9A-0A88-46EA-9266-9B00E3672CBC}.Release|x64.Build.0 = Release|x64
		{BD633A9A-0A88-46EA-9266-9B00E3672CBC}.Release|x86.ActiveCfg = Release|Win32
		{BD633A9A-0A88-46EA-9266-9B00E3672CBC}.Release|x86.Build.0 = Release|Win32
	EndGlobalSection
	GlobalSection(SolutionProperties) = preSolution
		HideSolutionNode = FALSE
	EndGlobalSection
	GlobalSection(ExtensibilityGlobals) = postSolution
		SolutionGuid = {B26F1A89-1A67-49A0-BC68-47A8AE6FF82E}
	EndGlobalSection
EndGlobal
